
Microsoft Visual Studio Solution File, Format Version 12.00
# Visual Studio Version 17
VisualStudioVersion = 17.0.32126.317
MinimumVisualStudioVersion = 10.0.40219.1
Project("{9A19103F-16F7-4668-BE54-9A1E7A4F7556}") = "Domain", "Domain\Domain.csproj", "{E9ECC99D-8B8B-458B-8BF5-859F7F00517D}"
EndProject
Project("{9A19103F-16F7-4668-BE54-9A1E7A4F7556}") = "Application", "Application\Application.csproj", "{DE355B89-C8D0-48F2-8921-ADC4DC21AC1E}"
EndProject
Project("{9A19103F-16F7-4668-BE54-9A1E7A4F7556}") = "Infrastructure", "Infrastructure\Infrastructure.csproj", "{918C778A-BBFB-4C82-BE87-B91BD0122965}"
EndProject
Project("{9A19103F-16F7-4668-BE54-9A1E7A4F7556}") = "WebAPI", "WebAPI\WebAPI.csproj", "{6C17440E-30A0-40AA-80F0-AD74475D365C}"
EndProject
Project("{2150E333-8FDC-42A3-9474-1A3956D46DE8}") = "Tests", "Tests", "{D46A9849-85FB-44D4-94EA-C0A50EDA75E0}"
EndProject
Project("{2150E333-8FDC-42A3-9474-1A3956D46DE8}") = "src", "src", "{0C4924C9-6785-421C-95CA-18EF6D361003}"
EndProject
Project("{FAE04EC0-301F-11D3-BF4B-00C04F79EFBC}") = "Application.NUnitTest", "Application.NUnitTest\Application.NUnitTest.csproj", "{660D71D1-A47C-49FC-B9FD-31256035CFBF}"
EndProject
Global
	GlobalSection(SolutionConfigurationPlatforms) = preSolution
		Debug|Any CPU = Debug|Any CPU
		Release|Any CPU = Release|Any CPU
	EndGlobalSection
	GlobalSection(ProjectConfigurationPlatforms) = postSolution
		{E9ECC99D-8B8B-458B-8BF5-859F7F00517D}.Debug|Any CPU.ActiveCfg = Debug|Any CPU
		{E9ECC99D-8B8B-458B-8BF5-859F7F00517D}.Debug|Any CPU.Build.0 = Debug|Any CPU
		{E9ECC99D-8B8B-458B-8BF5-859F7F00517D}.Release|Any CPU.ActiveCfg = Release|Any CPU
		{E9ECC99D-8B8B-458B-8BF5-859F7F00517D}.Release|Any CPU.Build.0 = Release|Any CPU
		{DE355B89-C8D0-48F2-8921-ADC4DC21AC1E}.Debug|Any CPU.ActiveCfg = Debug|Any CPU
		{DE355B89-C8D0-48F2-8921-ADC4DC21AC1E}.Debug|Any CPU.Build.0 = Debug|Any CPU
		{DE355B89-C8D0-48F2-8921-ADC4DC21AC1E}.Release|Any CPU.ActiveCfg = Release|Any CPU
		{DE355B89-C8D0-48F2-8921-ADC4DC21AC1E}.Release|Any CPU.Build.0 = Release|Any CPU
		{918C778A-BBFB-4C82-BE87-B91BD0122965}.Debug|Any CPU.ActiveCfg = Debug|Any CPU
		{918C778A-BBFB-4C82-BE87-B91BD0122965}.Debug|Any CPU.Build.0 = Debug|Any CPU
		{918C778A-BBFB-4C82-BE87-B91BD0122965}.Release|Any CPU.ActiveCfg = Release|Any CPU
		{918C778A-BBFB-4C82-BE87-B91BD0122965}.Release|Any CPU.Build.0 = Release|Any CPU
		{6C17440E-30A0-40AA-80F0-AD74475D365C}.Debug|Any CPU.ActiveCfg = Debug|Any CPU
		{6C17440E-30A0-40AA-80F0-AD74475D365C}.Debug|Any CPU.Build.0 = Debug|Any CPU
		{6C17440E-30A0-40AA-80F0-AD74475D365C}.Release|Any CPU.ActiveCfg = Release|Any CPU
		{6C17440E-30A0-40AA-80F0-AD74475D365C}.Release|Any CPU.Build.0 = Release|Any CPU
		{660D71D1-A47C-49FC-B9FD-31256035CFBF}.Debug|Any CPU.ActiveCfg = Debug|Any CPU
		{660D71D1-A47C-49FC-B9FD-31256035CFBF}.Debug|Any CPU.Build.0 = Debug|Any CPU
		{660D71D1-A47C-49FC-B9FD-31256035CFBF}.Release|Any CPU.ActiveCfg = Release|Any CPU
		{660D71D1-A47C-49FC-B9FD-31256035CFBF}.Release|Any CPU.Build.0 = Release|Any CPU
	EndGlobalSection
	GlobalSection(SolutionProperties) = preSolution
		HideSolutionNode = FALSE
	EndGlobalSection
	GlobalSection(NestedProjects) = preSolution
		{E9ECC99D-8B8B-458B-8BF5-859F7F00517D} = {0C4924C9-6785-421C-95CA-18EF6D361003}
		{DE355B89-C8D0-48F2-8921-ADC4DC21AC1E} = {0C4924C9-6785-421C-95CA-18EF6D361003}
		{918C778A-BBFB-4C82-BE87-B91BD0122965} = {0C4924C9-6785-421C-95CA-18EF6D361003}
		{6C17440E-30A0-40AA-80F0-AD74475D365C} = {0C4924C9-6785-421C-95CA-18EF6D361003}
		{660D71D1-A47C-49FC-B9FD-31256035CFBF} = {D46A9849-85FB-44D4-94EA-C0A50EDA75E0}
	EndGlobalSection
	GlobalSection(ExtensibilityGlobals) = postSolution
		SolutionGuid = {B944FF6F-20F9-4EBB-9F56-82972A2F2134}
	EndGlobalSection
EndGlobal
